{
  "name": "party-games",
  "lockfileVersion": 3,
  "requires": true,
  "packages": {
    "": {
      "name": "party-games",
      "workspaces": [
        "apps/*"
      ],
      "dependencies": {
        "ws": "^8.22.0"
      },
      "engines": {
        "node": ">=22"
      }
    },
    "apps/coup": {
      "name": "coup-table",
      "version": "1.0.0",
      "engines": {
        "node": ">=22"
      }
    },
    "apps/secret-hitler": {
      "name": "secret-hitler-online",
      "version": "1.0.0",
      "engines": {
        "node": ">=22"
      }
    },
    "apps/undercover": {
      "version": "1.0.0",
      "engines": {
        "node": ">=22"
      }
    },
    "node_modules/coup-table": {
      "resolved": "apps/coup",
      "link": true
    },
    "node_modules/secret-hitler-online": {
      "resolved": "apps/secret-hitler",
      "link": true
    },
    "node_modules/undercover": {
      "resolved": "apps/undercover",
      "link": true
    },
    "node_modules/ws": {
      "version": "8.22.0",
      "resolved": "https://registry.npmjs.org/ws/-/ws-8.22.0.tgz",
      "integrity": "sha512-Ydggc987+RO0AnWtZ/7Wq9FtNvcrL1b/RO0ud9mWjUPgDrsAAwQSF51sm2hm1XofbU/4jkpGEsLFsZZxU+1DOg==",
      "license": "MIT",
      "engines": {
        "node": ">=10.0.0"
      },
      "peerDependencies": {
        "bufferutil": "^4.0.1",
        "utf-8-validate": ">=5.0.2"
      },
      "peerDependenciesMeta": {
        "bufferutil": {
          "optional": true
        },
        "utf-8-validate": {
          "optional": true
        }
      }
    }
  }
}
